
Microsoft Visual Studio Solution File, Format Version 12.00
# Visual Studio Version 16
VisualStudioVersion = 16.0.30204.135
MinimumVisualStudioVersion = 10.0.40219.1
Project("{FAE04EC0-301F-11D3-BF4B-00C04F79EFBC}") = "meucaixa.Android", "meucaixa\meucaixa.Android\meucaixa.Android.csproj", "{BFD79162-F41B-4F7F-8122-DC5B556D19A4}"
EndProject
Project("{FAE04EC0-301F-11D3-BF4B-00C04F79EFBC}") = "meucaixa", "meucaixa\meucaixa\meucaixa.csproj", "{6772EF3B-E156-4774-9D92-7B52843D283A}"
EndProject
Global
	GlobalSection(SolutionConfigurationPlatforms) = preSolution
		Debug|Any CPU = Debug|Any CPU
		Release|Any CPU = Release|Any CPU
	EndGlobalSection
	GlobalSection(ProjectConfigurationPlatforms) = postSolution
		{BFD79162-F41B-4F7F-8122-DC5B556D19A4}.Debug|Any CPU.ActiveCfg = Debug|Any CPU
		{BFD79162-F41B-4F7F-8122-DC5B556D19A4}.Debug|Any CPU.Build.0 = Debug|Any CPU
		{BFD79162-F41B-4F7F-8122-DC5B556D19A4}.Debug|Any CPU.Deploy.0 = Debug|Any CPU
		{BFD79162-F41B-4F7F-8122-DC5B556D19A4}.Release|Any CPU.ActiveCfg = Release|Any CPU
		{BFD79162-F41B-4F7F-8122-DC5B556D19A4}.Release|Any CPU.Build.0 = Release|Any CPU
		{BFD79162-F41B-4F7F-8122-DC5B556D19A4}.Release|Any CPU.Deploy.0 = Release|Any CPU
		{6772EF3B-E156-4774-9D92-7B52843D283A}.Debug|Any CPU.ActiveCfg = Debug|Any CPU
		{6772EF3B-E156-4774-9D92-7B52843D283A}.Debug|Any CPU.Build.0 = Debug|Any CPU
		{6772EF3B-E156-4774-9D92-7B52843D283A}.Debug|Any CPU.Deploy.0 = Debug|Any CPU
		{6772EF3B-E156-4774-9D92-7B52843D283A}.Release|Any CPU.ActiveCfg = Release|Any CPU
		{6772EF3B-E156-4774-9D92-7B52843D283A}.Release|Any CPU.Build.0 = Release|Any CPU
		{6772EF3B-E156-4774-9D92-7B52843D283A}.Release|Any CPU.Deploy.0 = Release|Any CPU
	EndGlobalSection
	GlobalSection(SolutionProperties) = preSolution
		HideSolutionNode = FALSE
	EndGlobalSection
	GlobalSection(ExtensibilityGlobals) = postSolution
		SolutionGuid = {219A0540-92C9-4A49-95F8-28D4FC45B80B}
	EndGlobalSection
EndGlobal
